
Microsoft Visual Studio Solution File, Format Version 12.00
# Visual Studio 14
VisualStudioVersion = 14.0.22823.1
MinimumVisualStudioVersion = 10.0.40219.1
Project("{FAE04EC0-301F-11D3-BF4B-00C04F79EFBC}") = "POCFileTransfer", "POCFileTransfer\POCFileTransfer.csproj", "{698B98FC-FFD0-4486-8E11-8D01706A3A62}"
EndProject
Global
	GlobalSection(SolutionConfigurationPlatforms) = preSolution
		Debug|Any CPU = Debug|Any CPU
		Release|Any CPU = Release|Any CPU
	EndGlobalSection
	GlobalSection(ProjectConfigurationPlatforms) = postSolution
		{698B98FC-FFD0-4486-8E11-8D01706A3A62}.Debug|Any CPU.ActiveCfg = Debug|Any CPU
		{698B98FC-FFD0-4486-8E11-8D01706A3A62}.Debug|Any CPU.Build.0 = Debug|Any CPU
		{698B98FC-FFD0-4486-8E11-8D01706A3A62}.Release|Any CPU.ActiveCfg = Release|Any CPU
		{698B98FC-FFD0-4486-8E11-8D01706A3A62}.Release|Any CPU.Build.0 = Release|Any CPU
	EndGlobalSection
	GlobalSection(SolutionProperties) = preSolution
		HideSolutionNode = FALSE
	EndGlobalSection
	GlobalSection(TeamFoundationVersionControl) = preSolution
		SccNumberOfProjects = 2
		SccEnterpriseProvider = {4CA58AB2-18FA-4F8D-95D4-32DDF27D184C}
		SccTeamFoundationServer = http://team.milestoneinternet.com:8080/tfs/defaultcollection
		SccLocalPath0 = .
		SccProjectUniqueName1 = POCFileTransfer\\POCFileTransfer.csproj
		SccProjectName1 = POCFileTransfer
		SccLocalPath1 = POCFileTransfer
	EndGlobalSection
EndGlobal
